<?xml version="1.0" encoding="UTF-8" standalone="yes" ?>
<CodeBlocks_project_file>
	<FileVersion major="1" minor="6" />
	<Project>
		<Option title="usr" />
		<Option pch_mode="2" />
		<Option compiler="gcc" />
		<Build>
			<Target title="Debug">
				<Option output="../build/usr_dbg" prefix_auto="1" extension_auto="1" />
				<Option working_dir="../build" />
				<Option object_output="../build/Debug" />
				<Option type="3" />
				<Option compiler="gcc" />
				<Option createDefFile="1" />
				<Compiler>
					<Add option="-Wall" />
					<Add option="-g" />
					<Add option="-DX3D_DEBUG_MODE" />
				</Compiler>
				<Linker>
					<Add library="./libX3dCore_dbg.so" />
					<Add directory="../usr" />
				</Linker>
			</Target>
			<Target title="Release">
				<Option output="../build/usr" prefix_auto="1" extension_auto="1" />
				<Option working_dir="../build" />
				<Option object_output="../build/Release" />
				<Option type="3" />
				<Option compiler="gcc" />
				<Option createDefFile="1" />
				<Compiler>
					<Add option="-Wall" />
					<Add option="-Ofast" />
					<Add option="-flto" />
					<Add option="-DX3D_DEBUG_MODE" />
				</Compiler>
				<Linker>
					<Add option="-Ofast" />
					<Add option="-flto" />
					<Add library="./libX3dCore.so" />
				</Linker>
			</Target>
		</Build>
		<Compiler>
			<Add option="-std=c++11" />
			<Add option="`pkg-config gtk+-3.0 --cflags`" />
			<Add option="-Werror" />
			<Add option="-DX3D_COMPILER_GCC" />
			<Add option="-DX3D_PLATFORM_POSIX" />
			<Add directory="../include" />
			<Add directory="../lib" />
			<Add directory="../include/usr" />
		</Compiler>
		<Linker>
			<Add option="`pkg-config gtk+-3.0 --libs`" />
		</Linker>
		<Unit filename="../include/usr/usr_cinematicprogs.hpp" />
		<Unit filename="../include/usr/usr_editor.hpp" />
		<Unit filename="../include/usr/usr_editorfrontend.hpp" />
		<Unit filename="../include/usr/usr_entityprogs.hpp" />
		<Unit filename="../include/usr/usr_kernel.hpp" />
		<Unit filename="../include/usr/usr_missionprogs.hpp" />
		<Unit filename="../include/usr/usr_renderable.hpp" />
		<Unit filename="../include/usr/usr_renderaggregate.hpp" />
		<Unit filename="../include/usr/usr_renderer.hpp" />
		<Unit filename="../include/usr/usr_resourceloader.hpp" />
		<Unit filename="../include/usr/usr_world.hpp" />
		<Unit filename="../include/usr/usr_worldentity.hpp" />
		<Unit filename="../include/usr/usr_x3d.hpp" />
		<Unit filename="editor/cornellbox/cornellbox.c">
			<Option compilerVar="CC" />
		</Unit>
		<Unit filename="editor/cornellbox/cornellbox.h" />
		<Unit filename="editor/editassetlist.cpp" />
		<Unit filename="editor/editbenchmark.cpp" />
		<Unit filename="editor/editentityproperty.cpp" />
		<Unit filename="editor/editor.cpp" />
		<Unit filename="editor/editprojectmgr.cpp" />
		<Unit filename="editor/editrenderconf.cpp" />
		<Unit filename="editor/editrenderregion.cpp" />
		<Unit filename="editor/editviewcontrol.cpp" />
		<Unit filename="editor/editworlddata.cpp" />
		<Unit filename="editor/gtkfrontend/dynamics_editor.cpp" />
		<Unit filename="editor/gtkfrontend/dynamics_editor.hpp" />
		<Unit filename="editor/gtkfrontend/entity_editor.cpp" />
		<Unit filename="editor/gtkfrontend/entity_editor.hpp" />
		<Unit filename="editor/gtkfrontend/gtkgui.cpp" />
		<Unit filename="editor/gtkfrontend/gtkgui.hpp" />
		<Unit filename="editor/gtkfrontend/main_editor.cpp" />
		<Unit filename="editor/gtkfrontend/main_editor.hpp" />
		<Unit filename="editor/gtkfrontend/main_editor_menu.cpp" />
		<Unit filename="editor/gtkfrontend/main_editor_menu.hpp" />
		<Unit filename="editor/gtkfrontend/project_manager.cpp" />
		<Unit filename="editor/gtkfrontend/project_manager.hpp" />
		<Unit filename="editor/gtkfrontend/renderable_editor.cpp" />
		<Unit filename="editor/gtkfrontend/renderable_editor.hpp" />
		<Unit filename="editor/gtkfrontend/renderer_configurator.cpp" />
		<Unit filename="editor/gtkfrontend/renderer_configurator.hpp" />
		<Unit filename="editor/gtkfrontend/splash_screen.cpp" />
		<Unit filename="editor/gtkfrontend/splash_screen.hpp" />
		<Unit filename="usr_cinematicprogs.cpp" />
		<Unit filename="usr_entityprogs.cpp" />
		<Unit filename="usr_kernel.cpp" />
		<Unit filename="usr_missionprogs.cpp" />
		<Unit filename="usr_renderable.cpp" />
		<Unit filename="usr_renderaggregate.cpp" />
		<Unit filename="usr_renderer.cpp" />
		<Unit filename="usr_resourceloader.cpp" />
		<Unit filename="usr_world.cpp" />
		<Extensions>
			<envvars />
			<code_completion />
			<debugger />
			<lib_finder disable_auto="1" />
			<DoxyBlocks>
				<comment_style block="0" line="0" />
				<doxyfile_project />
				<doxyfile_build />
				<doxyfile_warnings />
				<doxyfile_output />
				<doxyfile_dot />
				<general />
			</DoxyBlocks>
		</Extensions>
	</Project>
</CodeBlocks_project_file>
