<?xml version="1.0" encoding="UTF-8" standalone="yes" ?>
<CodeBlocks_project_file>
	<FileVersion major="1" minor="6" />
	<Project>
		<Option title="x3dcore" />
		<Option pch_mode="2" />
		<Option compiler="gcc" />
		<Option extended_obj_names="1" />
		<Build>
			<Target title="Debug">
				<Option output="build/X3dCore_dbg" prefix_auto="1" extension_auto="1" />
				<Option working_dir="build" />
				<Option object_output="build/Debug/" />
				<Option type="3" />
				<Option compiler="gcc" />
				<Compiler>
					<Add option="-g" />
					<Add option="-DX3D_DEBUG_MODE" />
				</Compiler>
			</Target>
			<Target title="Release">
				<Option output="build/X3dCore" prefix_auto="1" extension_auto="1" />
				<Option working_dir="build" />
				<Option object_output="build/Release/" />
				<Option type="3" />
				<Option compiler="gcc" />
				<Compiler>
					<Add option="-w" />
					<Add option="-Ofast" />
					<Add option="-flto" />
					<Add option="-DX3D_DEBUG_MODE" />
				</Compiler>
				<Linker>
					<Add option="-Ofast" />
					<Add option="-flto" />
				</Linker>
			</Target>
		</Build>
		<Compiler>
			<Add option="-Wall" />
			<Add option="-Werror" />
			<Add option="`pkg-config gtk+-3.0 --cflags`" />
			<Add option="-DX3D_COMPILER_GCC" />
			<Add option="-DX3D_PLATFORM_POSIX" />
			<Add directory="./lib" />
			<Add directory="./include" />
		</Compiler>
		<Linker>
			<Add option="-ldl" />
			<Add option="-pthread" />
			<Add option="`pkg-config gtk+-3.0 --libs`" />
		</Linker>
		<Unit filename="drivers/loader/fbxmodel.c">
			<Option compilerVar="CC" />
		</Unit>
		<Unit filename="drivers/loader/fbxmodel.h" />
		<Unit filename="drivers/loader/imageloader.c">
			<Option compilerVar="CC" />
		</Unit>
		<Unit filename="drivers/loader/imageloader.h" />
		<Unit filename="drivers/loader/main.c">
			<Option compilerVar="CC" />
		</Unit>
		<Unit filename="drivers/loader/main.h" />
		<Unit filename="drivers/loader/modelloader.c">
			<Option compilerVar="CC" />
		</Unit>
		<Unit filename="drivers/loader/modelloader.h" />
		<Unit filename="drivers/loader/objmodel.c">
			<Option compilerVar="CC" />
		</Unit>
		<Unit filename="drivers/loader/objmodel.h" />
		<Unit filename="drivers/loader/pbrtmodel.c">
			<Option compilerVar="CC" />
		</Unit>
		<Unit filename="drivers/loader/pbrtmodel.h" />
		<Unit filename="drivers/loader/rendererconf.c">
			<Option compilerVar="CC" />
		</Unit>
		<Unit filename="drivers/loader/rendererconf.h" />
		<Unit filename="drivers/loader/x3dscene.c">
			<Option compilerVar="CC" />
		</Unit>
		<Unit filename="drivers/loader/x3dscene.h" />
		<Unit filename="drivers/renderer/geometry/bvh.c">
			<Option compilerVar="CC" />
		</Unit>
		<Unit filename="drivers/renderer/geometry/bvh.h" />
		<Unit filename="drivers/renderer/geometry/cone_shape.c">
			<Option compilerVar="CC" />
		</Unit>
		<Unit filename="drivers/renderer/geometry/cone_shape.h" />
		<Unit filename="drivers/renderer/geometry/cylinder_shape.c">
			<Option compilerVar="CC" />
		</Unit>
		<Unit filename="drivers/renderer/geometry/cylinder_shape.h" />
		<Unit filename="drivers/renderer/geometry/disk_shape.c">
			<Option compilerVar="CC" />
		</Unit>
		<Unit filename="drivers/renderer/geometry/disk_shape.h" />
		<Unit filename="drivers/renderer/geometry/geocache.c">
			<Option compilerVar="CC" />
		</Unit>
		<Unit filename="drivers/renderer/geometry/geometry.c">
			<Option compilerVar="CC" />
		</Unit>
		<Unit filename="drivers/renderer/geometry/grid.c">
			<Option compilerVar="CC" />
		</Unit>
		<Unit filename="drivers/renderer/geometry/grid.h" />
		<Unit filename="drivers/renderer/geometry/hyperboloid_shape.c">
			<Option compilerVar="CC" />
		</Unit>
		<Unit filename="drivers/renderer/geometry/hyperboloid_shape.h" />
		<Unit filename="drivers/renderer/geometry/kdtree.c">
			<Option compilerVar="CC" />
		</Unit>
		<Unit filename="drivers/renderer/geometry/kdtree.h" />
		<Unit filename="drivers/renderer/geometry/main.c">
			<Option compilerVar="CC" />
		</Unit>
		<Unit filename="drivers/renderer/geometry/main.h" />
		<Unit filename="drivers/renderer/geometry/octree.c">
			<Option compilerVar="CC" />
		</Unit>
		<Unit filename="drivers/renderer/geometry/octree.h" />
		<Unit filename="drivers/renderer/geometry/paraboloid_shape.c">
			<Option compilerVar="CC" />
		</Unit>
		<Unit filename="drivers/renderer/geometry/paraboloid_shape.h" />
		<Unit filename="drivers/renderer/geometry/primitive_parition.c">
			<Option compilerVar="CC" />
		</Unit>
		<Unit filename="drivers/renderer/geometry/shape_common.h" />
		<Unit filename="drivers/renderer/geometry/sphere_shape.c">
			<Option compilerVar="CC" />
		</Unit>
		<Unit filename="drivers/renderer/geometry/sphere_shape.h" />
		<Unit filename="drivers/renderer/geometry/trimesh_shape.c">
			<Option compilerVar="CC" />
		</Unit>
		<Unit filename="drivers/renderer/geometry/trimesh_shape.h" />
		<Unit filename="drivers/renderer/geometry/trimesh_subdivide.c">
			<Option compilerVar="CC" />
		</Unit>
		<Unit filename="drivers/renderer/geometry/trimesh_subdivide.h" />
		<Unit filename="drivers/renderer/light/light.c">
			<Option compilerVar="CC" />
		</Unit>
		<Unit filename="drivers/renderer/light/light.h" />
		<Unit filename="drivers/renderer/material/material.c">
			<Option compilerVar="CC" />
		</Unit>
		<Unit filename="drivers/renderer/material/material.h" />
		<Unit filename="drivers/renderer/misc/volume.c">
			<Option compilerVar="CC" />
		</Unit>
		<Unit filename="drivers/renderer/out/binary_out.c">
			<Option compilerVar="CC" />
		</Unit>
		<Unit filename="drivers/renderer/out/binary_out.h" />
		<Unit filename="drivers/renderer/out/image_out.c">
			<Option compilerVar="CC" />
		</Unit>
		<Unit filename="drivers/renderer/out/image_out.h" />
		<Unit filename="drivers/renderer/out/out.c">
			<Option compilerVar="CC" />
		</Unit>
		<Unit filename="drivers/renderer/out/screen_out.c">
			<Option compilerVar="CC" />
		</Unit>
		<Unit filename="drivers/renderer/out/screen_out.h" />
		<Unit filename="drivers/renderer/out/stream_out.c">
			<Option compilerVar="CC" />
		</Unit>
		<Unit filename="drivers/renderer/out/stream_out.h" />
		<Unit filename="drivers/renderer/probe/fisheye.c">
			<Option compilerVar="CC" />
		</Unit>
		<Unit filename="drivers/renderer/probe/fisheye.h" />
		<Unit filename="drivers/renderer/probe/obj_probe.c">
			<Option compilerVar="CC" />
		</Unit>
		<Unit filename="drivers/renderer/probe/orthogonal.c">
			<Option compilerVar="CC" />
		</Unit>
		<Unit filename="drivers/renderer/probe/orthogonal.h" />
		<Unit filename="drivers/renderer/probe/perspective.c">
			<Option compilerVar="CC" />
		</Unit>
		<Unit filename="drivers/renderer/probe/perspective.h" />
		<Unit filename="drivers/renderer/probe/proj_probe.c">
			<Option compilerVar="CC" />
		</Unit>
		<Unit filename="drivers/renderer/probe/spatial_probe.c">
			<Option compilerVar="CC" />
		</Unit>
		<Unit filename="drivers/renderer/probe/spherical.c">
			<Option compilerVar="CC" />
		</Unit>
		<Unit filename="drivers/renderer/probe/spherical.h" />
		<Unit filename="drivers/renderer/renderer/colorspectrum.c">
			<Option compilerVar="CC" />
		</Unit>
		<Unit filename="drivers/renderer/renderer/colorspectrum.h" />
		<Unit filename="drivers/renderer/renderer/compositepipeline.c">
			<Option compilerVar="CC" />
		</Unit>
		<Unit filename="drivers/renderer/renderer/compositepipeline.h" />
		<Unit filename="drivers/renderer/renderer/dbg_rasterizer.h" />
		<Unit filename="drivers/renderer/renderer/dbg_vertex_processor.h" />
		<Unit filename="drivers/renderer/renderer/fbo.c">
			<Option compilerVar="CC" />
		</Unit>
		<Unit filename="drivers/renderer/renderer/fbo.h" />
		<Unit filename="drivers/renderer/renderer/lcrenderer.h" />
		<Unit filename="drivers/renderer/renderer/main.c">
			<Option compilerVar="CC" />
		</Unit>
		<Unit filename="drivers/renderer/renderer/main.h" />
		<Unit filename="drivers/renderer/renderer/pmrenderer.c">
			<Option compilerVar="CC" />
		</Unit>
		<Unit filename="drivers/renderer/renderer/pmrenderer.h" />
		<Unit filename="drivers/renderer/renderer/ptrenderer.c">
			<Option compilerVar="CC" />
		</Unit>
		<Unit filename="drivers/renderer/renderer/ptrenderer.h" />
		<Unit filename="drivers/renderer/renderer/rasterization.c">
			<Option compilerVar="CC" />
		</Unit>
		<Unit filename="drivers/renderer/renderer/rasterization.h" />
		<Unit filename="drivers/renderer/renderer/rasterizer.c">
			<Option compilerVar="CC" />
		</Unit>
		<Unit filename="drivers/renderer/renderer/rasterizer.h" />
		<Unit filename="drivers/renderer/renderer/rasterpass.c">
			<Option compilerVar="CC" />
		</Unit>
		<Unit filename="drivers/renderer/renderer/rasterpass.h" />
		<Unit filename="drivers/renderer/renderer/rasterpipeline.c">
			<Option compilerVar="CC" />
		</Unit>
		<Unit filename="drivers/renderer/renderer/rasterpipeline.h" />
		<Unit filename="drivers/renderer/renderer/raytracepipeline.c">
			<Option compilerVar="CC" />
		</Unit>
		<Unit filename="drivers/renderer/renderer/raytracepipeline.h" />
		<Unit filename="drivers/renderer/renderer/renderer.c">
			<Option compilerVar="CC" />
		</Unit>
		<Unit filename="drivers/renderer/renderer/rtrenderer.c">
			<Option compilerVar="CC" />
		</Unit>
		<Unit filename="drivers/renderer/renderer/rtrenderer.h" />
		<Unit filename="drivers/renderer/renderer/shaderformulate.c">
			<Option compilerVar="CC" />
		</Unit>
		<Unit filename="drivers/renderer/renderer/shaderformulate.h" />
		<Unit filename="drivers/renderer/renderer/surface.c">
			<Option compilerVar="CC" />
		</Unit>
		<Unit filename="drivers/renderer/renderer/surface.h" />
		<Unit filename="drivers/renderer/renderer/trianglebuffer.c">
			<Option compilerVar="CC" />
		</Unit>
		<Unit filename="drivers/renderer/renderer/trianglebuffer.h" />
		<Unit filename="drivers/renderer/renderer/vbo.c">
			<Option compilerVar="CC" />
		</Unit>
		<Unit filename="drivers/renderer/renderer/vbo.h" />
		<Unit filename="drivers/renderer/renderer/vertattri_lerp.h" />
		<Unit filename="drivers/renderer/renderer/vertexprocessor.c">
			<Option compilerVar="CC" />
		</Unit>
		<Unit filename="drivers/renderer/renderer/vertexprocessor.h" />
		<Unit filename="drivers/renderer/renderer/vibuffer.h" />
		<Unit filename="drivers/renderer/shader/basic_rt_shader.c">
			<Option compilerVar="CC" />
		</Unit>
		<Unit filename="drivers/renderer/shader/basic_rt_shader_a.h">
			<Option compilerVar="CC" />
		</Unit>
		<Unit filename="drivers/renderer/shader/basic_rt_shader_so.h">
			<Option compilerVar="CC" />
		</Unit>
		<Unit filename="drivers/renderer/shader/main.c">
			<Option compilerVar="CC" />
		</Unit>
		<Unit filename="drivers/renderer/shader/main.h" />
		<Unit filename="drivers/renderer/shader/ptshader.c">
			<Option compilerVar="CC" />
		</Unit>
		<Unit filename="drivers/renderer/shader/ptshader.h" />
		<Unit filename="drivers/renderer/shader/rtshader.h">
			<Option compilerVar="CC" />
		</Unit>
		<Unit filename="drivers/renderer/shader/shader.c">
			<Option compilerVar="CC" />
		</Unit>
		<Unit filename="include/loader/modelloader.h" />
		<Unit filename="include/loader/sceneloader.h" />
		<Unit filename="include/renderer/geocache.h">
			<Option compilerVar="CC" />
		</Unit>
		<Unit filename="include/renderer/geometry.h">
			<Option compilerVar="CC" />
		</Unit>
		<Unit filename="include/renderer/obj_probe.h" />
		<Unit filename="include/renderer/out.h" />
		<Unit filename="include/renderer/proj_probe.h" />
		<Unit filename="include/renderer/renderer.h">
			<Option compilerVar="CC" />
		</Unit>
		<Unit filename="include/renderer/shader.h" />
		<Unit filename="include/renderer/shader_lib.h" />
		<Unit filename="include/renderer/spatial_probe.h" />
		<Unit filename="include/renderer/utility.h" />
		<Unit filename="include/renderer/volume.h" />
		<Unit filename="include/x3d/common.h" />
		<Unit filename="include/x3d/debug.h" />
		<Unit filename="include/x3d/dynamics.h" />
		<Unit filename="include/x3d/init.h" />
		<Unit filename="include/x3d/modelentity.h" />
		<Unit filename="include/x3d/poi.h" />
		<Unit filename="include/x3d/renderable.h" />
		<Unit filename="include/x3d/renderableaggregate.h" />
		<Unit filename="include/x3d/renderableaggregaterequest.h" />
		<Unit filename="include/x3d/renderer.h" />
		<Unit filename="include/x3d/rendertree.h" />
		<Unit filename="include/x3d/resloader.h" />
		<Unit filename="include/x3d/strategy.h" />
		<Unit filename="kernel/debug.c">
			<Option compilerVar="CC" />
		</Unit>
		<Unit filename="kernel/dynamics.c">
			<Option compilerVar="CC" />
		</Unit>
		<Unit filename="kernel/init.c">
			<Option compilerVar="CC" />
		</Unit>
		<Unit filename="kernel/modelentity.c">
			<Option compilerVar="CC" />
		</Unit>
		<Unit filename="kernel/panic.c">
			<Option compilerVar="CC" />
		</Unit>
		<Unit filename="kernel/poi.c">
			<Option compilerVar="CC" />
		</Unit>
		<Unit filename="kernel/renderable.c">
			<Option compilerVar="CC" />
		</Unit>
		<Unit filename="kernel/renderableaggregate.c">
			<Option compilerVar="CC" />
		</Unit>
		<Unit filename="kernel/renderableaggregaterequest.c">
			<Option compilerVar="CC" />
		</Unit>
		<Unit filename="kernel/renderablecontainerimpl.c">
			<Option compilerVar="CC" />
		</Unit>
		<Unit filename="kernel/renderablecontainerimpl.h" />
		<Unit filename="kernel/renderer.c">
			<Option compilerVar="CC" />
		</Unit>
		<Unit filename="kernel/rendertree.c">
			<Option compilerVar="CC" />
		</Unit>
		<Unit filename="kernel/resloader.c">
			<Option compilerVar="CC" />
		</Unit>
		<Unit filename="kernel/strategy.c">
			<Option compilerVar="CC" />
		</Unit>
		<Unit filename="lib/algorithm.c">
			<Option compilerVar="CC" />
		</Unit>
		<Unit filename="lib/algorithm.h" />
		<Unit filename="lib/algorithm.inl.h" />
		<Unit filename="lib/allocator.c">
			<Option compilerVar="CC" />
		</Unit>
		<Unit filename="lib/allocator.h" />
		<Unit filename="lib/compiler/compiler.c">
			<Option compilerVar="CC" />
		</Unit>
		<Unit filename="lib/compiler/compiler.h" />
		<Unit filename="lib/compiler/emitter.c">
			<Option compilerVar="CC" />
		</Unit>
		<Unit filename="lib/compiler/emitter.h" />
		<Unit filename="lib/compiler/error.c">
			<Option compilerVar="CC" />
		</Unit>
		<Unit filename="lib/compiler/error.h" />
		<Unit filename="lib/compiler/lexer.c">
			<Option compilerVar="CC" />
		</Unit>
		<Unit filename="lib/compiler/lexer.h" />
		<Unit filename="lib/compiler/main.c">
			<Option compilerVar="CC" />
		</Unit>
		<Unit filename="lib/compiler/main.h" />
		<Unit filename="lib/compiler/parser.c">
			<Option compilerVar="CC" />
		</Unit>
		<Unit filename="lib/compiler/parser.h" />
		<Unit filename="lib/compiler/symbol.c">
			<Option compilerVar="CC" />
		</Unit>
		<Unit filename="lib/compiler/symbol.h" />
		<Unit filename="lib/lib.h" />
		<Unit filename="lib/logout.c">
			<Option compilerVar="CC" />
		</Unit>
		<Unit filename="lib/logout.h" />
		<Unit filename="lib/main.c">
			<Option compilerVar="CC" />
		</Unit>
		<Unit filename="lib/main.h" />
		<Unit filename="lib/math/decimal.c">
			<Option compilerVar="CC" />
		</Unit>
		<Unit filename="lib/math/decimal.h" />
		<Unit filename="lib/math/fx.c">
			<Option compilerVar="CC" />
		</Unit>
		<Unit filename="lib/math/fx.h" />
		<Unit filename="lib/math/geometry.c">
			<Option compilerVar="CC" />
		</Unit>
		<Unit filename="lib/math/geometry.h" />
		<Unit filename="lib/math/main.c">
			<Option compilerVar="CC" />
		</Unit>
		<Unit filename="lib/math/main.h" />
		<Unit filename="lib/math/math.h" />
		<Unit filename="lib/math/matrix.c">
			<Option compilerVar="CC" />
		</Unit>
		<Unit filename="lib/math/matrix.h">
			<Option compilerVar="CC" />
		</Unit>
		<Unit filename="lib/math/quat.c">
			<Option compilerVar="CC" />
		</Unit>
		<Unit filename="lib/math/quat.h" />
		<Unit filename="lib/math/vector.c">
			<Option compilerVar="CC" />
		</Unit>
		<Unit filename="lib/math/vector.h" />
		<Unit filename="lib/serializer.c">
			<Option compilerVar="CC" />
		</Unit>
		<Unit filename="lib/serializer.h" />
		<Unit filename="lib/staging.c">
			<Option compilerVar="CC" />
		</Unit>
		<Unit filename="lib/staging.h" />
		<Unit filename="lib/symlib.c">
			<Option compilerVar="CC" />
		</Unit>
		<Unit filename="lib/symlib.h" />
		<Unit filename="lib/thread.c">
			<Option compilerVar="CC" />
		</Unit>
		<Unit filename="lib/thread.h" />
		<Unit filename="lib/timing.c">
			<Option compilerVar="CC" />
		</Unit>
		<Unit filename="lib/timing.h" />
		<Extensions>
			<envvars />
			<code_completion />
			<debugger />
			<lib_finder disable_auto="1" />
			<DoxyBlocks>
				<comment_style block="0" line="0" />
				<doxyfile_project output_directory="docs/x3dcore" />
				<doxyfile_build extract_all="1" />
				<doxyfile_warnings />
				<doxyfile_output />
				<doxyfile_dot />
				<general />
			</DoxyBlocks>
		</Extensions>
	</Project>
</CodeBlocks_project_file>
