<?xml version="1.0" encoding="UTF-8" standalone="yes" ?>
<CodeBlocks_project_file>
	<FileVersion major="1" minor="6" />
	<Project>
		<Option title="test_driver_renderer" />
		<Option pch_mode="2" />
		<Option compiler="gcc" />
		<Build>
			<Target title="Debug">
				<Option output="bin/Debug/test_driver_renderer" prefix_auto="1" extension_auto="1" />
				<Option object_output="obj/Debug/" />
				<Option type="1" />
				<Option compiler="gcc" />
				<Compiler>
					<Add option="-g" />
				</Compiler>
			</Target>
			<Target title="Release">
				<Option output="bin/Release/test_driver_renderer" prefix_auto="1" extension_auto="1" />
				<Option object_output="obj/Release/" />
				<Option type="1" />
				<Option compiler="gcc" />
				<Compiler>
					<Add option="-O2" />
				</Compiler>
				<Linker>
					<Add option="-s" />
				</Linker>
			</Target>
		</Build>
		<Compiler>
			<Add option="-Wall" />
			<Add directory="include" />
		</Compiler>
		<Unit filename="geometry/cone_shape.c">
			<Option compilerVar="CC" />
		</Unit>
		<Unit filename="geometry/cone_shape.h" />
		<Unit filename="geometry/cylinder_shape.c">
			<Option compilerVar="CC" />
		</Unit>
		<Unit filename="geometry/cylinder_shape.h" />
		<Unit filename="geometry/disk_shape.c">
			<Option compilerVar="CC" />
		</Unit>
		<Unit filename="geometry/disk_shape.h" />
		<Unit filename="geometry/geometry.h" />
		<Unit filename="geometry/hyperboloi_shape.c">
			<Option compilerVar="CC" />
		</Unit>
		<Unit filename="geometry/hyperboloid_shape.h" />
		<Unit filename="geometry/main.c">
			<Option compilerVar="CC" />
		</Unit>
		<Unit filename="geometry/main.h" />
		<Unit filename="geometry/object.c">
			<Option compilerVar="CC" />
		</Unit>
		<Unit filename="geometry/object.h" />
		<Unit filename="geometry/paraboloid_shape.c">
			<Option compilerVar="CC" />
		</Unit>
		<Unit filename="geometry/paraboloid_shape.h" />
		<Unit filename="geometry/shape.c">
			<Option compilerVar="CC" />
		</Unit>
		<Unit filename="geometry/shape.h" />
		<Unit filename="geometry/sphere_shape.c">
			<Option compilerVar="CC" />
		</Unit>
		<Unit filename="geometry/sphere_shape.h" />
		<Unit filename="geometry/trimesh.c">
			<Option compilerVar="CC" />
		</Unit>
		<Unit filename="geometry/trimesh.h" />
		<Unit filename="geometry/trimesh_subdivide.c">
			<Option compilerVar="CC" />
		</Unit>
		<Unit filename="geometry/trimesh_subdivide.h" />
		<Unit filename="light/light.c">
			<Option compilerVar="CC" />
		</Unit>
		<Unit filename="light/light.h" />
		<Unit filename="loader/fbx_model.c">
			<Option compilerVar="CC" />
		</Unit>
		<Unit filename="loader/fbx_model.h" />
		<Unit filename="loader/image_loader.c">
			<Option compilerVar="CC" />
		</Unit>
		<Unit filename="loader/image_loader.h" />
		<Unit filename="loader/loader.h" />
		<Unit filename="loader/main.c">
			<Option compilerVar="CC" />
		</Unit>
		<Unit filename="loader/main.h" />
		<Unit filename="loader/obj_model.c">
			<Option compilerVar="CC" />
		</Unit>
		<Unit filename="loader/obj_model.h" />
		<Unit filename="loader/pbrt_scene.c">
			<Option compilerVar="CC" />
		</Unit>
		<Unit filename="loader/pbrt_scene.h" />
		<Unit filename="loader/renderer_loader.c">
			<Option compilerVar="CC" />
		</Unit>
		<Unit filename="loader/renderer_loader.h" />
		<Unit filename="loader/scene_loader.c">
			<Option compilerVar="CC" />
		</Unit>
		<Unit filename="loader/scene_loader.h" />
		<Unit filename="loader/x3d_scene.c">
			<Option compilerVar="CC" />
		</Unit>
		<Unit filename="loader/x3d_scene.h" />
		<Unit filename="material/material.c">
			<Option compilerVar="CC" />
		</Unit>
		<Unit filename="material/material.h" />
		<Unit filename="out/gl_out.c">
			<Option compilerVar="CC" />
		</Unit>
		<Unit filename="out/gl_out.h" />
		<Unit filename="out/gtk_out.c">
			<Option compilerVar="CC" />
		</Unit>
		<Unit filename="out/gtk_out.h" />
		<Unit filename="out/image_out.c">
			<Option compilerVar="CC" />
		</Unit>
		<Unit filename="out/image_out.h" />
		<Unit filename="out/out.c">
			<Option compilerVar="CC" />
		</Unit>
		<Unit filename="out/out.h" />
		<Unit filename="probe/distribute.c">
			<Option compilerVar="CC" />
		</Unit>
		<Unit filename="probe/distribute.h" />
		<Unit filename="probe/fisheye.c">
			<Option compilerVar="CC" />
		</Unit>
		<Unit filename="probe/fisheye.h" />
		<Unit filename="probe/orthogonal.c">
			<Option compilerVar="CC" />
		</Unit>
		<Unit filename="probe/orthogonal.h" />
		<Unit filename="probe/perspective.c">
			<Option compilerVar="CC" />
		</Unit>
		<Unit filename="probe/perspective.h" />
		<Unit filename="probe/probe.c">
			<Option compilerVar="CC" />
		</Unit>
		<Unit filename="probe/probe.h" />
		<Unit filename="probe/spherical.c">
			<Option compilerVar="CC" />
		</Unit>
		<Unit filename="probe/spherical.h" />
		<Unit filename="renderer/colorspectrum.c">
			<Option compilerVar="CC" />
		</Unit>
		<Unit filename="renderer/colorspectrum.h" />
		<Unit filename="renderer/component_layer.h" />
		<Unit filename="renderer/composition_layer.h" />
		<Unit filename="renderer/infrastructure_layer.h" />
		<Unit filename="renderer/main.c">
			<Option compilerVar="CC" />
		</Unit>
		<Unit filename="renderer/main.h" />
		<Unit filename="renderer/pm_renderer.c">
			<Option compilerVar="CC" />
		</Unit>
		<Unit filename="renderer/pm_renderer.h" />
		<Unit filename="renderer/pt_renderer.c">
			<Option compilerVar="CC" />
		</Unit>
		<Unit filename="renderer/pt_renderer.h" />
		<Unit filename="renderer/rasterizer.c">
			<Option compilerVar="CC" />
		</Unit>
		<Unit filename="renderer/rasterizer.h" />
		<Unit filename="renderer/raytrace_routine.c">
			<Option compilerVar="CC" />
		</Unit>
		<Unit filename="renderer/raytrace_routine.h" />
		<Unit filename="renderer/renderer.c">
			<Option compilerVar="CC" />
		</Unit>
		<Unit filename="renderer/renderer.h" />
		<Unit filename="renderer/rt_batch.c">
			<Option compilerVar="CC" />
		</Unit>
		<Unit filename="renderer/rt_batch.h" />
		<Unit filename="renderer/rt_pass.c">
			<Option compilerVar="CC" />
		</Unit>
		<Unit filename="renderer/rt_pass.h" />
		<Unit filename="renderer/rt_renderer.c">
			<Option compilerVar="CC" />
		</Unit>
		<Unit filename="renderer/rt_renderer.h" />
		<Unit filename="renderer/surface.c">
			<Option compilerVar="CC" />
		</Unit>
		<Unit filename="renderer/surface.h" />
		<Unit filename="renderer/vibuffer.c">
			<Option compilerVar="CC" />
		</Unit>
		<Unit filename="renderer/vibuffer.h" />
		<Unit filename="scene/bvh.c">
			<Option compilerVar="CC" />
		</Unit>
		<Unit filename="scene/bvh.h" />
		<Unit filename="scene/grid.c">
			<Option compilerVar="CC" />
		</Unit>
		<Unit filename="scene/grid.h" />
		<Unit filename="scene/kdtree.c">
			<Option compilerVar="CC" />
		</Unit>
		<Unit filename="scene/kdtree.h" />
		<Unit filename="scene/main.c">
			<Option compilerVar="CC" />
		</Unit>
		<Unit filename="scene/main.h" />
		<Unit filename="scene/octree.c">
			<Option compilerVar="CC" />
		</Unit>
		<Unit filename="scene/octree.h" />
		<Unit filename="scene/scene.c">
			<Option compilerVar="CC" />
		</Unit>
		<Unit filename="scene/scene.h" />
		<Unit filename="scene/sstruct.c">
			<Option compilerVar="CC" />
		</Unit>
		<Unit filename="scene/sstruct.h" />
		<Unit filename="shader/rt_shader.c">
			<Option compilerVar="CC" />
		</Unit>
		<Unit filename="shader/rt_shader.h" />
		<Unit filename="shader/shader.h" />
		<Extensions>
			<envvars />
			<code_completion />
			<debugger />
			<lib_finder disable_auto="1" />
		</Extensions>
	</Project>
</CodeBlocks_project_file>
